
Microsoft Visual Studio Solution File, Format Version 12.00
# Visual Studio 2013
VisualStudioVersion = 12.0.21005.1
MinimumVisualStudioVersion = 10.0.40219.1
Project("{FAE04EC0-301F-11D3-BF4B-00C04F79EFBC}") = "SongOfTheDay", "SongOfTheDay\SongOfTheDay.csproj", "{D57C715E-71B1-476C-8504-9CEE0B0A4193}"
EndProject
Global
	GlobalSection(TeamFoundationVersionControl) = preSolution
		SccNumberOfProjects = 2
		SccEnterpriseProvider = {4CA58AB2-18FA-4F8D-95D4-32DDF27D184C}
		SccTeamFoundationServer = https://uwajocom.visualstudio.com/defaultcollection
		SccLocalPath0 = .
		SccProjectUniqueName1 = SongOfTheDay\\SongOfTheDay.csproj
		SccProjectName1 = SongOfTheDay
		SccLocalPath1 = SongOfTheDay
	EndGlobalSection
	GlobalSection(SolutionConfigurationPlatforms) = preSolution
		Debug|Any CPU = Debug|Any CPU
		Release|Any CPU = Release|Any CPU
	EndGlobalSection
	GlobalSection(ProjectConfigurationPlatforms) = postSolution
		{D57C715E-71B1-476C-8504-9CEE0B0A4193}.Debug|Any CPU.ActiveCfg = Debug|Any CPU
		{D57C715E-71B1-476C-8504-9CEE0B0A4193}.Debug|Any CPU.Build.0 = Debug|Any CPU
		{D57C715E-71B1-476C-8504-9CEE0B0A4193}.Release|Any CPU.ActiveCfg = Release|Any CPU
		{D57C715E-71B1-476C-8504-9CEE0B0A4193}.Release|Any CPU.Build.0 = Release|Any CPU
	EndGlobalSection
	GlobalSection(SolutionProperties) = preSolution
		HideSolutionNode = FALSE
	EndGlobalSection
EndGlobal
